
Microsoft Visual Studio Solution File, Format Version 12.00
# Visual Studio Version 17
VisualStudioVersion = 17.1.32228.430
MinimumVisualStudioVersion = 10.0.40219.1
Project("{FAE04EC0-301F-11D3-BF4B-00C04F79EFBC}") = "MyFirstWebApi", "MyFirstWebApi.csproj", "{09781CC1-4C7D-4CAD-B7B8-F1CCED15ABCB}"
EndProject
Global
	GlobalSection(SolutionConfigurationPlatforms) = preSolution
		Debug|Any CPU = Debug|Any CPU
		Release|Any CPU = Release|Any CPU
	EndGlobalSection
	GlobalSection(ProjectConfigurationPlatforms) = postSolution
		{09781CC1-4C7D-4CAD-B7B8-F1CCED15ABCB}.Debug|Any CPU.ActiveCfg = Debug|Any CPU
		{09781CC1-4C7D-4CAD-B7B8-F1CCED15ABCB}.Debug|Any CPU.Build.0 = Debug|Any CPU
		{09781CC1-4C7D-4CAD-B7B8-F1CCED15ABCB}.Release|Any CPU.ActiveCfg = Release|Any CPU
		{09781CC1-4C7D-4CAD-B7B8-F1CCED15ABCB}.Release|Any CPU.Build.0 = Release|Any CPU
	EndGlobalSection
	GlobalSection(SolutionProperties) = preSolution
		HideSolutionNode = FALSE
	EndGlobalSection
	GlobalSection(ExtensibilityGlobals) = postSolution
		SolutionGuid = {644FCE77-CF4C-4D5E-B04E-3A2A48DFB960}
	EndGlobalSection
EndGlobal
